// !$*UTF8*$!
{
	archiveVersion = 1;
	classes = {
	};
	objectVersion = 50;
	objects = {

/* Begin PBXBuildFile section */
		4F14E5962236974D00A60E11 /* IngredientService.swift in Sources */ = {isa = PBXBuildFile; fileRef = 4F14E5952236974D00A60E11 /* IngredientService.swift */; };
		4F14E5982236983B00A60E11 /* IngredientServiceTestCase.swift in Sources */ = {isa = PBXBuildFile; fileRef = 4F14E5972236983B00A60E11 /* IngredientServiceTestCase.swift */; };
		4F14E59A2236AEF000A60E11 /* IngredientTableViewCell.swift in Sources */ = {isa = PBXBuildFile; fileRef = 4F14E5992236AEF000A60E11 /* IngredientTableViewCell.swift */; };
		4F14E59C223704F500A60E11 /* RecipeListTableViewController.swift in Sources */ = {isa = PBXBuildFile; fileRef = 4F14E59B223704F500A60E11 /* RecipeListTableViewController.swift */; };
		4F14E59E22370E8A00A60E11 /* Recipe.swift in Sources */ = {isa = PBXBuildFile; fileRef = 4F14E59D22370E8A00A60E11 /* Recipe.swift */; };
		4F14E5A02237135A00A60E11 /* RecipeService.swift in Sources */ = {isa = PBXBuildFile; fileRef = 4F14E59F2237135A00A60E11 /* RecipeService.swift */; };
		4F14E5A22237B40400A60E11 /* RecipeList.swift in Sources */ = {isa = PBXBuildFile; fileRef = 4F14E5A12237B40400A60E11 /* RecipeList.swift */; };
		4F196E742265AC2F007AF028 /* IngredientRecipeTableViewCell.swift in Sources */ = {isa = PBXBuildFile; fileRef = 4F196E732265AC2F007AF028 /* IngredientRecipeTableViewCell.swift */; };
		4F2F0C19225FE92A0045C391 /* CodingUserInfoKey+Extension.swift in Sources */ = {isa = PBXBuildFile; fileRef = 4F2F0C18225FE92A0045C391 /* CodingUserInfoKey+Extension.swift */; };
		4F2F0C1B2261D4280045C391 /* RecipeListService.swift in Sources */ = {isa = PBXBuildFile; fileRef = 4F2F0C1A2261D4280045C391 /* RecipeListService.swift */; };
		4F2F0C1D2261DBC50045C391 /* RecipeViewController.swift in Sources */ = {isa = PBXBuildFile; fileRef = 4F2F0C1C2261DBC50045C391 /* RecipeViewController.swift */; };
		4F302A522280BDD800058D32 /* RecipeListServiceTestCase.swift in Sources */ = {isa = PBXBuildFile; fileRef = 4F302A512280BDD800058D32 /* RecipeListServiceTestCase.swift */; };
		4F302A542281AA6600058D32 /* NetworkRequest.swift in Sources */ = {isa = PBXBuildFile; fileRef = 4F302A532281AA6600058D32 /* NetworkRequest.swift */; };
		4F32C2072276E83300F6BA6B /* IngredientLine.swift in Sources */ = {isa = PBXBuildFile; fileRef = 4F32C2062276E83300F6BA6B /* IngredientLine.swift */; };
		4F45CE12222EF2ED004246EE /* AppDelegate.swift in Sources */ = {isa = PBXBuildFile; fileRef = 4F45CE11222EF2ED004246EE /* AppDelegate.swift */; };
		4F45CE17222EF2ED004246EE /* Main.storyboard in Resources */ = {isa = PBXBuildFile; fileRef = 4F45CE15222EF2ED004246EE /* Main.storyboard */; };
		4F45CE1A222EF2ED004246EE /* Reciplease.xcdatamodeld in Sources */ = {isa = PBXBuildFile; fileRef = 4F45CE18222EF2ED004246EE /* Reciplease.xcdatamodeld */; };
		4F45CE1C222EF2F0004246EE /* Assets.xcassets in Resources */ = {isa = PBXBuildFile; fileRef = 4F45CE1B222EF2F0004246EE /* Assets.xcassets */; };
		4F45CE1F222EF2F0004246EE /* LaunchScreen.storyboard in Resources */ = {isa = PBXBuildFile; fileRef = 4F45CE1D222EF2F0004246EE /* LaunchScreen.storyboard */; };
		4F45CE40222EF5A6004246EE /* .gitignore in Resources */ = {isa = PBXBuildFile; fileRef = 4F45CE3F222EF5A6004246EE /* .gitignore */; };
		4F45CE42223066BA004246EE /* ServicesKey.swift in Sources */ = {isa = PBXBuildFile; fileRef = 4F45CE41223066BA004246EE /* ServicesKey.swift */; };
		4F45CE4822331C15004246EE /* GloriaHallelujah.ttf in Resources */ = {isa = PBXBuildFile; fileRef = 4F45CE4722331C15004246EE /* GloriaHallelujah.ttf */; };
		4F45CE4A22332965004246EE /* RecipeSearchViewController.swift in Sources */ = {isa = PBXBuildFile; fileRef = 4F45CE4922332965004246EE /* RecipeSearchViewController.swift */; };
		4F62A089226CCF4800398F02 /* Source.swift in Sources */ = {isa = PBXBuildFile; fileRef = 4F62A088226CCF4800398F02 /* Source.swift */; };
		4F62A08B226D158F00398F02 /* Attribution.swift in Sources */ = {isa = PBXBuildFile; fileRef = 4F62A08A226D158F00398F02 /* Attribution.swift */; };
		4F62A08F226DAFFD00398F02 /* Image.swift in Sources */ = {isa = PBXBuildFile; fileRef = 4F62A08E226DAFFD00398F02 /* Image.swift */; };
		4F7FA96A228214130081B0CD /* FakeResponseData.swift in Sources */ = {isa = PBXBuildFile; fileRef = 4F7FA969228214130081B0CD /* FakeResponseData.swift */; };
		4F7FA96F22835B970081B0CD /* RecipeList.json in Resources */ = {isa = PBXBuildFile; fileRef = 4F7FA96E22835B970081B0CD /* RecipeList.json */; };
		4F7FA97122835C160081B0CD /* Recipe.json in Resources */ = {isa = PBXBuildFile; fileRef = 4F7FA97022835C160081B0CD /* Recipe.json */; };
		4F7FA973228405400081B0CD /* EmptyResponse.json in Resources */ = {isa = PBXBuildFile; fileRef = 4F7FA972228405400081B0CD /* EmptyResponse.json */; };
		4F7FA975228406570081B0CD /* WrongResponse.json in Resources */ = {isa = PBXBuildFile; fileRef = 4F7FA974228406570081B0CD /* WrongResponse.json */; };
		4F7FA97C228AFA6B0081B0CD /* Error+extension.swift in Sources */ = {isa = PBXBuildFile; fileRef = 4F7FA97B228AFA6B0081B0CD /* Error+extension.swift */; };
		4F7FA980228D903E0081B0CD /* RecipeListWithNoMatch.json in Resources */ = {isa = PBXBuildFile; fileRef = 4F7FA97F228D903E0081B0CD /* RecipeListWithNoMatch.json */; };
		4F87EB782258D7CD00B6D516 /* RecipeListTableViewCell.swift in Sources */ = {isa = PBXBuildFile; fileRef = 4F87EB772258D7CD00B6D516 /* RecipeListTableViewCell.swift */; };
		4F87EB7A225C87E300B6D516 /* RecipeImageService.swift in Sources */ = {isa = PBXBuildFile; fileRef = 4F87EB79225C87E300B6D516 /* RecipeImageService.swift */; };
		9B48EBF17D18BB4CCE4C5911 /* Pods_Reciplease.framework in Frameworks */ = {isa = PBXBuildFile; fileRef = 3314D835C0BF9619A61FC879 /* Pods_Reciplease.framework */; };
		C8796BB3610D38EF4424FC9B /* Pods_RecipleaseTests.framework in Frameworks */ = {isa = PBXBuildFile; fileRef = 20EEBB7229F96DE87DEE7E2B /* Pods_RecipleaseTests.framework */; };
/* End PBXBuildFile section */

/* Begin PBXContainerItemProxy section */
		4F45CE26222EF2F0004246EE /* PBXContainerItemProxy */ = {
			isa = PBXContainerItemProxy;
			containerPortal = 4F45CE06222EF2ED004246EE /* Project object */;
			proxyType = 1;
			remoteGlobalIDString = 4F45CE0D222EF2ED004246EE;
			remoteInfo = Reciplease;
		};
/* End PBXContainerItemProxy section */

/* Begin PBXFileReference section */
		01F939E41AC6CD69984DAD09 /* Pods-Reciplease.release.xcconfig */ = {isa = PBXFileReference; includeInIndex = 1; lastKnownFileType = text.xcconfig; name = "Pods-Reciplease.release.xcconfig"; path = "Target Support Files/Pods-Reciplease/Pods-Reciplease.release.xcconfig"; sourceTree = "<group>"; };
		0C4569E08946530DF2C13243 /* Pods-RecipleaseTests.debug.xcconfig */ = {isa = PBXFileReference; includeInIndex = 1; lastKnownFileType = text.xcconfig; name = "Pods-RecipleaseTests.debug.xcconfig"; path = "Target Support Files/Pods-RecipleaseTests/Pods-RecipleaseTests.debug.xcconfig"; sourceTree = "<group>"; };
		20EEBB7229F96DE87DEE7E2B /* Pods_RecipleaseTests.framework */ = {isa = PBXFileReference; explicitFileType = wrapper.framework; includeInIndex = 0; path = Pods_RecipleaseTests.framework; sourceTree = BUILT_PRODUCTS_DIR; };
		3314D835C0BF9619A61FC879 /* Pods_Reciplease.framework */ = {isa = PBXFileReference; explicitFileType = wrapper.framework; includeInIndex = 0; path = Pods_Reciplease.framework; sourceTree = BUILT_PRODUCTS_DIR; };
		4F14E5952236974D00A60E11 /* IngredientService.swift */ = {isa = PBXFileReference; lastKnownFileType = sourcecode.swift; path = IngredientService.swift; sourceTree = "<group>"; };
		4F14E5972236983B00A60E11 /* IngredientServiceTestCase.swift */ = {isa = PBXFileReference; lastKnownFileType = sourcecode.swift; path = IngredientServiceTestCase.swift; sourceTree = "<group>"; };
		4F14E5992236AEF000A60E11 /* IngredientTableViewCell.swift */ = {isa = PBXFileReference; lastKnownFileType = sourcecode.swift; path = IngredientTableViewCell.swift; sourceTree = "<group>"; };
		4F14E59B223704F500A60E11 /* RecipeListTableViewController.swift */ = {isa = PBXFileReference; lastKnownFileType = sourcecode.swift; path = RecipeListTableViewController.swift; sourceTree = "<group>"; };
		4F14E59D22370E8A00A60E11 /* Recipe.swift */ = {isa = PBXFileReference; lastKnownFileType = sourcecode.swift; path = Recipe.swift; sourceTree = "<group>"; };
		4F14E59F2237135A00A60E11 /* RecipeService.swift */ = {isa = PBXFileReference; lastKnownFileType = sourcecode.swift; path = RecipeService.swift; sourceTree = "<group>"; };
		4F14E5A12237B40400A60E11 /* RecipeList.swift */ = {isa = PBXFileReference; lastKnownFileType = sourcecode.swift; path = RecipeList.swift; sourceTree = "<group>"; };
		4F196E732265AC2F007AF028 /* IngredientRecipeTableViewCell.swift */ = {isa = PBXFileReference; lastKnownFileType = sourcecode.swift; path = IngredientRecipeTableViewCell.swift; sourceTree = "<group>"; };
		4F2F0C18225FE92A0045C391 /* CodingUserInfoKey+Extension.swift */ = {isa = PBXFileReference; lastKnownFileType = sourcecode.swift; path = "CodingUserInfoKey+Extension.swift"; sourceTree = "<group>"; };
		4F2F0C1A2261D4280045C391 /* RecipeListService.swift */ = {isa = PBXFileReference; lastKnownFileType = sourcecode.swift; path = RecipeListService.swift; sourceTree = "<group>"; };
		4F2F0C1C2261DBC50045C391 /* RecipeViewController.swift */ = {isa = PBXFileReference; lastKnownFileType = sourcecode.swift; path = RecipeViewController.swift; sourceTree = "<group>"; };
		4F302A512280BDD800058D32 /* RecipeListServiceTestCase.swift */ = {isa = PBXFileReference; lastKnownFileType = sourcecode.swift; path = RecipeListServiceTestCase.swift; sourceTree = "<group>"; };
		4F302A532281AA6600058D32 /* NetworkRequest.swift */ = {isa = PBXFileReference; lastKnownFileType = sourcecode.swift; path = NetworkRequest.swift; sourceTree = "<group>"; };
		4F32C2062276E83300F6BA6B /* IngredientLine.swift */ = {isa = PBXFileReference; lastKnownFileType = sourcecode.swift; path = IngredientLine.swift; sourceTree = "<group>"; };
		4F45CE0E222EF2ED004246EE /* Reciplease.app */ = {isa = PBXFileReference; explicitFileType = wrapper.application; includeInIndex = 0; path = Reciplease.app; sourceTree = BUILT_PRODUCTS_DIR; };
		4F45CE11222EF2ED004246EE /* AppDelegate.swift */ = {isa = PBXFileReference; lastKnownFileType = sourcecode.swift; path = AppDelegate.swift; sourceTree = "<group>"; };
		4F45CE16222EF2ED004246EE /* Base */ = {isa = PBXFileReference; lastKnownFileType = file.storyboard; name = Base; path = Base.lproj/Main.storyboard; sourceTree = "<group>"; };
		4F45CE19222EF2ED004246EE /* Reciplease.xcdatamodel */ = {isa = PBXFileReference; lastKnownFileType = wrapper.xcdatamodel; path = Reciplease.xcdatamodel; sourceTree = "<group>"; };
		4F45CE1B222EF2F0004246EE /* Assets.xcassets */ = {isa = PBXFileReference; lastKnownFileType = folder.assetcatalog; path = Assets.xcassets; sourceTree = "<group>"; };
		4F45CE1E222EF2F0004246EE /* Base */ = {isa = PBXFileReference; lastKnownFileType = file.storyboard; name = Base; path = Base.lproj/LaunchScreen.storyboard; sourceTree = "<group>"; };
		4F45CE20222EF2F0004246EE /* Info.plist */ = {isa = PBXFileReference; lastKnownFileType = text.plist.xml; path = Info.plist; sourceTree = "<group>"; };
		4F45CE25222EF2F0004246EE /* RecipleaseTests.xctest */ = {isa = PBXFileReference; explicitFileType = wrapper.cfbundle; includeInIndex = 0; path = RecipleaseTests.xctest; sourceTree = BUILT_PRODUCTS_DIR; };
		4F45CE2B222EF2F0004246EE /* Info.plist */ = {isa = PBXFileReference; lastKnownFileType = text.plist.xml; path = Info.plist; sourceTree = "<group>"; };
		4F45CE3F222EF5A6004246EE /* .gitignore */ = {isa = PBXFileReference; lastKnownFileType = text; name = .gitignore; path = Reciplease/SupportingFiles/.gitignore; sourceTree = SOURCE_ROOT; };
		4F45CE41223066BA004246EE /* ServicesKey.swift */ = {isa = PBXFileReference; lastKnownFileType = sourcecode.swift; path = ServicesKey.swift; sourceTree = "<group>"; };
		4F45CE4722331C15004246EE /* GloriaHallelujah.ttf */ = {isa = PBXFileReference; lastKnownFileType = file; path = GloriaHallelujah.ttf; sourceTree = "<group>"; };
		4F45CE4922332965004246EE /* RecipeSearchViewController.swift */ = {isa = PBXFileReference; lastKnownFileType = sourcecode.swift; path = RecipeSearchViewController.swift; sourceTree = "<group>"; };
		4F62A088226CCF4800398F02 /* Source.swift */ = {isa = PBXFileReference; lastKnownFileType = sourcecode.swift; path = Source.swift; sourceTree = "<group>"; };
		4F62A08A226D158F00398F02 /* Attribution.swift */ = {isa = PBXFileReference; lastKnownFileType = sourcecode.swift; path = Attribution.swift; sourceTree = "<group>"; };
		4F62A08E226DAFFD00398F02 /* Image.swift */ = {isa = PBXFileReference; lastKnownFileType = sourcecode.swift; path = Image.swift; sourceTree = "<group>"; };
		4F7FA969228214130081B0CD /* FakeResponseData.swift */ = {isa = PBXFileReference; lastKnownFileType = sourcecode.swift; path = FakeResponseData.swift; sourceTree = "<group>"; };
		4F7FA96E22835B970081B0CD /* RecipeList.json */ = {isa = PBXFileReference; lastKnownFileType = text.json; path = RecipeList.json; sourceTree = "<group>"; };
		4F7FA97022835C160081B0CD /* Recipe.json */ = {isa = PBXFileReference; lastKnownFileType = text.json; path = Recipe.json; sourceTree = "<group>"; };
		4F7FA972228405400081B0CD /* EmptyResponse.json */ = {isa = PBXFileReference; lastKnownFileType = text.json; path = EmptyResponse.json; sourceTree = "<group>"; };
		4F7FA974228406570081B0CD /* WrongResponse.json */ = {isa = PBXFileReference; lastKnownFileType = text.json; path = WrongResponse.json; sourceTree = "<group>"; };
		4F7FA97B228AFA6B0081B0CD /* Error+extension.swift */ = {isa = PBXFileReference; lastKnownFileType = sourcecode.swift; path = "Error+extension.swift"; sourceTree = "<group>"; };
		4F7FA97F228D903E0081B0CD /* RecipeListWithNoMatch.json */ = {isa = PBXFileReference; lastKnownFileType = text.json; path = RecipeListWithNoMatch.json; sourceTree = "<group>"; };
		4F87EB772258D7CD00B6D516 /* RecipeListTableViewCell.swift */ = {isa = PBXFileReference; lastKnownFileType = sourcecode.swift; path = RecipeListTableViewCell.swift; sourceTree = "<group>"; };
		4F87EB79225C87E300B6D516 /* RecipeImageService.swift */ = {isa = PBXFileReference; lastKnownFileType = sourcecode.swift; path = RecipeImageService.swift; sourceTree = "<group>"; };
		9AB8BAA416ECA54A3DFD5BEF /* Pods-Reciplease.debug.xcconfig */ = {isa = PBXFileReference; includeInIndex = 1; lastKnownFileType = text.xcconfig; name = "Pods-Reciplease.debug.xcconfig"; path = "Target Support Files/Pods-Reciplease/Pods-Reciplease.debug.xcconfig"; sourceTree = "<group>"; };
		FF0FC46D80B862C027E1E32D /* Pods-RecipleaseTests.release.xcconfig */ = {isa = PBXFileReference; includeInIndex = 1; lastKnownFileType = text.xcconfig; name = "Pods-RecipleaseTests.release.xcconfig"; path = "Target Support Files/Pods-RecipleaseTests/Pods-RecipleaseTests.release.xcconfig"; sourceTree = "<group>"; };
/* End PBXFileReference section */

/* Begin PBXFrameworksBuildPhase section */
		4F45CE0B222EF2ED004246EE /* Frameworks */ = {
			isa = PBXFrameworksBuildPhase;
			buildActionMask = 2147483647;
			files = (
				9B48EBF17D18BB4CCE4C5911 /* Pods_Reciplease.framework in Frameworks */,
			);
			runOnlyForDeploymentPostprocessing = 0;
		};
		4F45CE22222EF2F0004246EE /* Frameworks */ = {
			isa = PBXFrameworksBuildPhase;
			buildActionMask = 2147483647;
			files = (
				C8796BB3610D38EF4424FC9B /* Pods_RecipleaseTests.framework in Frameworks */,
			);
			runOnlyForDeploymentPostprocessing = 0;
		};
/* End PBXFrameworksBuildPhase section */

/* Begin PBXGroup section */
		4F45CE05222EF2ED004246EE = {
			isa = PBXGroup;
			children = (
				4F45CE10222EF2ED004246EE /* Reciplease */,
				4F45CE28222EF2F0004246EE /* RecipleaseTests */,
				4F45CE0F222EF2ED004246EE /* Products */,
				6850AD69BAE990BA6A112D72 /* Pods */,
				CB5FD0712C1B5219F60E9DC6 /* Frameworks */,
			);
			sourceTree = "<group>";
		};
		4F45CE0F222EF2ED004246EE /* Products */ = {
			isa = PBXGroup;
			children = (
				4F45CE0E222EF2ED004246EE /* Reciplease.app */,
				4F45CE25222EF2F0004246EE /* RecipleaseTests.xctest */,
			);
			name = Products;
			sourceTree = "<group>";
		};
		4F45CE10222EF2ED004246EE /* Reciplease */ = {
			isa = PBXGroup;
			children = (
				4F45CE35222EF3B0004246EE /* Model */,
				4F45CE36222EF3B7004246EE /* View */,
				4F45CE37222EF3BD004246EE /* Controller */,
				4F45CE38222EF3C8004246EE /* SupportingFiles */,
			);
			path = Reciplease;
			sourceTree = "<group>";
		};
		4F45CE28222EF2F0004246EE /* RecipleaseTests */ = {
			isa = PBXGroup;
			children = (
				4F7FA96B22835AFB0081B0CD /* FakeData */,
				4F45CE2B222EF2F0004246EE /* Info.plist */,
				4F14E5972236983B00A60E11 /* IngredientServiceTestCase.swift */,
				4F302A512280BDD800058D32 /* RecipeListServiceTestCase.swift */,
			);
			path = RecipleaseTests;
			sourceTree = "<group>";
		};
		4F45CE35222EF3B0004246EE /* Model */ = {
			isa = PBXGroup;
			children = (
				4F7FA97A2284AC5B0081B0CD /* RecipeList */,
				4F7FA9792284AC320081B0CD /* Services */,
				4F7FA9782284ABE50081B0CD /* Recipe */,
				4F302A532281AA6600058D32 /* NetworkRequest.swift */,
				4F7FA97B228AFA6B0081B0CD /* Error+extension.swift */,
			);
			path = Model;
			sourceTree = "<group>";
		};
		4F45CE36222EF3B7004246EE /* View */ = {
			isa = PBXGroup;
			children = (
				4F45CE15222EF2ED004246EE /* Main.storyboard */,
				4F14E5992236AEF000A60E11 /* IngredientTableViewCell.swift */,
				4F196E732265AC2F007AF028 /* IngredientRecipeTableViewCell.swift */,
				4F87EB772258D7CD00B6D516 /* RecipeListTableViewCell.swift */,
				4F45CE1D222EF2F0004246EE /* LaunchScreen.storyboard */,
			);
			path = View;
			sourceTree = "<group>";
		};
		4F45CE37222EF3BD004246EE /* Controller */ = {
			isa = PBXGroup;
			children = (
				4F14E59B223704F500A60E11 /* RecipeListTableViewController.swift */,
				4F2F0C1C2261DBC50045C391 /* RecipeViewController.swift */,
				4F45CE4922332965004246EE /* RecipeSearchViewController.swift */,
			);
			path = Controller;
			sourceTree = "<group>";
		};
		4F45CE38222EF3C8004246EE /* SupportingFiles */ = {
			isa = PBXGroup;
			children = (
				4F45CE11222EF2ED004246EE /* AppDelegate.swift */,
				4F45CE41223066BA004246EE /* ServicesKey.swift */,
				4F45CE1B222EF2F0004246EE /* Assets.xcassets */,
				4F45CE4722331C15004246EE /* GloriaHallelujah.ttf */,
				4F45CE20222EF2F0004246EE /* Info.plist */,
				4F45CE3F222EF5A6004246EE /* .gitignore */,
			);
			path = SupportingFiles;
			sourceTree = "<group>";
		};
		4F7FA96B22835AFB0081B0CD /* FakeData */ = {
			isa = PBXGroup;
			children = (
				4F7FA969228214130081B0CD /* FakeResponseData.swift */,
				4F7FA972228405400081B0CD /* EmptyResponse.json */,
				4F7FA974228406570081B0CD /* WrongResponse.json */,
				4F7FA97F228D903E0081B0CD /* RecipeListWithNoMatch.json */,
				4F7FA96E22835B970081B0CD /* RecipeList.json */,
				4F7FA97022835C160081B0CD /* Recipe.json */,
			);
			path = FakeData;
			sourceTree = "<group>";
		};
		4F7FA9782284ABE50081B0CD /* Recipe */ = {
			isa = PBXGroup;
			children = (
				4F45CE18222EF2ED004246EE /* Reciplease.xcdatamodeld */,
				4F62A08E226DAFFD00398F02 /* Image.swift */,
				4F14E59D22370E8A00A60E11 /* Recipe.swift */,
				4F62A088226CCF4800398F02 /* Source.swift */,
				4F32C2062276E83300F6BA6B /* IngredientLine.swift */,
				4F62A08A226D158F00398F02 /* Attribution.swift */,
				4F2F0C18225FE92A0045C391 /* CodingUserInfoKey+Extension.swift */,
			);
			path = Recipe;
			sourceTree = "<group>";
		};
		4F7FA9792284AC320081B0CD /* Services */ = {
			isa = PBXGroup;
			children = (
				4F2F0C1A2261D4280045C391 /* RecipeListService.swift */,
				4F14E59F2237135A00A60E11 /* RecipeService.swift */,
				4F87EB79225C87E300B6D516 /* RecipeImageService.swift */,
			);
			path = Services;
			sourceTree = "<group>";
		};
		4F7FA97A2284AC5B0081B0CD /* RecipeList */ = {
			isa = PBXGroup;
			children = (
				4F14E5A12237B40400A60E11 /* RecipeList.swift */,
				4F14E5952236974D00A60E11 /* IngredientService.swift */,
			);
			path = RecipeList;
			sourceTree = "<group>";
		};
		6850AD69BAE990BA6A112D72 /* Pods */ = {
			isa = PBXGroup;
			children = (
				9AB8BAA416ECA54A3DFD5BEF /* Pods-Reciplease.debug.xcconfig */,
				01F939E41AC6CD69984DAD09 /* Pods-Reciplease.release.xcconfig */,
				0C4569E08946530DF2C13243 /* Pods-RecipleaseTests.debug.xcconfig */,
				FF0FC46D80B862C027E1E32D /* Pods-RecipleaseTests.release.xcconfig */,
			);
			path = Pods;
			sourceTree = "<group>";
		};
		CB5FD0712C1B5219F60E9DC6 /* Frameworks */ = {
			isa = PBXGroup;
			children = (
				3314D835C0BF9619A61FC879 /* Pods_Reciplease.framework */,
				20EEBB7229F96DE87DEE7E2B /* Pods_RecipleaseTests.framework */,
			);
			name = Frameworks;
			sourceTree = "<group>";
		};
/* End PBXGroup section */

/* Begin PBXNativeTarget section */
		4F45CE0D222EF2ED004246EE /* Reciplease */ = {
			isa = PBXNativeTarget;
			buildConfigurationList = 4F45CE2E222EF2F0004246EE /* Build configuration list for PBXNativeTarget "Reciplease" */;
			buildPhases = (
				829B198F9425E1AFAF4EA685 /* [CP] Check Pods Manifest.lock */,
				4F45CE0A222EF2ED004246EE /* Sources */,
				4F45CE0B222EF2ED004246EE /* Frameworks */,
				4F45CE0C222EF2ED004246EE /* Resources */,
				4F45CE34222EF351004246EE /* ShellScript */,
				FBEF098ABAE3C07590F6FB72 /* [CP] Embed Pods Frameworks */,
			);
			buildRules = (
			);
			dependencies = (
			);
			name = Reciplease;
			productName = Reciplease;
			productReference = 4F45CE0E222EF2ED004246EE /* Reciplease.app */;
			productType = "com.apple.product-type.application";
		};
		4F45CE24222EF2F0004246EE /* RecipleaseTests */ = {
			isa = PBXNativeTarget;
			buildConfigurationList = 4F45CE31222EF2F0004246EE /* Build configuration list for PBXNativeTarget "RecipleaseTests" */;
			buildPhases = (
				76218E5A355811BFF1B59662 /* [CP] Check Pods Manifest.lock */,
				4F45CE21222EF2F0004246EE /* Sources */,
				4F45CE22222EF2F0004246EE /* Frameworks */,
				4F45CE23222EF2F0004246EE /* Resources */,
				BA9D17B7C932135FB6940181 /* [CP] Embed Pods Frameworks */,
			);
			buildRules = (
			);
			dependencies = (
				4F45CE27222EF2F0004246EE /* PBXTargetDependency */,
			);
			name = RecipleaseTests;
			productName = RecipleaseTests;
			productReference = 4F45CE25222EF2F0004246EE /* RecipleaseTests.xctest */;
			productType = "com.apple.product-type.bundle.unit-test";
		};
/* End PBXNativeTarget section */

/* Begin PBXProject section */
		4F45CE06222EF2ED004246EE /* Project object */ = {
			isa = PBXProject;
			attributes = {
				LastSwiftUpdateCheck = 1010;
				LastUpgradeCheck = 1010;
				ORGANIZATIONNAME = "David Dubez";
				TargetAttributes = {
					4F45CE0D222EF2ED004246EE = {
						CreatedOnToolsVersion = 10.1;
						LastSwiftMigration = 1020;
					};
					4F45CE24222EF2F0004246EE = {
						CreatedOnToolsVersion = 10.1;
						LastSwiftMigration = 1020;
						TestTargetID = 4F45CE0D222EF2ED004246EE;
					};
				};
			};
			buildConfigurationList = 4F45CE09222EF2ED004246EE /* Build configuration list for PBXProject "Reciplease" */;
			compatibilityVersion = "Xcode 9.3";
			developmentRegion = en;
			hasScannedForEncodings = 0;
			knownRegions = (
				en,
				Base,
			);
			mainGroup = 4F45CE05222EF2ED004246EE;
			productRefGroup = 4F45CE0F222EF2ED004246EE /* Products */;
			projectDirPath = "";
			projectRoot = "";
			targets = (
				4F45CE0D222EF2ED004246EE /* Reciplease */,
				4F45CE24222EF2F0004246EE /* RecipleaseTests */,
			);
		};
/* End PBXProject section */

/* Begin PBXResourcesBuildPhase section */
		4F45CE0C222EF2ED004246EE /* Resources */ = {
			isa = PBXResourcesBuildPhase;
			buildActionMask = 2147483647;
			files = (
				4F45CE40222EF5A6004246EE /* .gitignore in Resources */,
				4F45CE1F222EF2F0004246EE /* LaunchScreen.storyboard in Resources */,
				4F45CE4822331C15004246EE /* GloriaHallelujah.ttf in Resources */,
				4F45CE1C222EF2F0004246EE /* Assets.xcassets in Resources */,
				4F45CE17222EF2ED004246EE /* Main.storyboard in Resources */,
			);
			runOnlyForDeploymentPostprocessing = 0;
		};
		4F45CE23222EF2F0004246EE /* Resources */ = {
			isa = PBXResourcesBuildPhase;
			buildActionMask = 2147483647;
			files = (
				4F7FA973228405400081B0CD /* EmptyResponse.json in Resources */,
				4F7FA96F22835B970081B0CD /* RecipeList.json in Resources */,
				4F7FA975228406570081B0CD /* WrongResponse.json in Resources */,
				4F7FA980228D903E0081B0CD /* RecipeListWithNoMatch.json in Resources */,
				4F7FA97122835C160081B0CD /* Recipe.json in Resources */,
			);
			runOnlyForDeploymentPostprocessing = 0;
		};
/* End PBXResourcesBuildPhase section */

/* Begin PBXShellScriptBuildPhase section */
		4F45CE34222EF351004246EE /* ShellScript */ = {
			isa = PBXShellScriptBuildPhase;
			buildActionMask = 2147483647;
			files = (
			);
			inputFileListPaths = (
			);
			inputPaths = (
			);
			outputFileListPaths = (
			);
			outputPaths = (
			);
			runOnlyForDeploymentPostprocessing = 0;
			shellPath = /bin/sh;
			shellScript = "if which swiftlint >/dev/null; then\nswiftlint\nelse\necho \"warning: SwiftLint not installed, download from https://github.com/realm/SwiftLint\"\nfi\n";
		};
		76218E5A355811BFF1B59662 /* [CP] Check Pods Manifest.lock */ = {
			isa = PBXShellScriptBuildPhase;
			buildActionMask = 2147483647;
			files = (
			);
			inputFileListPaths = (
			);
			inputPaths = (
				"${PODS_PODFILE_DIR_PATH}/Podfile.lock",
				"${PODS_ROOT}/Manifest.lock",
			);
			name = "[CP] Check Pods Manifest.lock";
			outputFileListPaths = (
			);
			outputPaths = (
				"$(DERIVED_FILE_DIR)/Pods-RecipleaseTests-checkManifestLockResult.txt",
			);
			runOnlyForDeploymentPostprocessing = 0;
			shellPath = /bin/sh;
			shellScript = "diff \"${PODS_PODFILE_DIR_PATH}/Podfile.lock\" \"${PODS_ROOT}/Manifest.lock\" > /dev/null\nif [ $? != 0 ] ; then\n    # print error to STDERR\n    echo \"error: The sandbox is not in sync with the Podfile.lock. Run 'pod install' or update your CocoaPods installation.\" >&2\n    exit 1\nfi\n# This output is used by Xcode 'outputs' to avoid re-running this script phase.\necho \"SUCCESS\" > \"${SCRIPT_OUTPUT_FILE_0}\"\n";
			showEnvVarsInLog = 0;
		};
		829B198F9425E1AFAF4EA685 /* [CP] Check Pods Manifest.lock */ = {
			isa = PBXShellScriptBuildPhase;
			buildActionMask = 2147483647;
			files = (
			);
			inputFileListPaths = (
			);
			inputPaths = (
				"${PODS_PODFILE_DIR_PATH}/Podfile.lock",
				"${PODS_ROOT}/Manifest.lock",
			);
			name = "[CP] Check Pods Manifest.lock";
			outputFileListPaths = (
			);
			outputPaths = (
				"$(DERIVED_FILE_DIR)/Pods-Reciplease-checkManifestLockResult.txt",
			);
			runOnlyForDeploymentPostprocessing = 0;
			shellPath = /bin/sh;
			shellScript = "diff \"${PODS_PODFILE_DIR_PATH}/Podfile.lock\" \"${PODS_ROOT}/Manifest.lock\" > /dev/null\nif [ $? != 0 ] ; then\n    # print error to STDERR\n    echo \"error: The sandbox is not in sync with the Podfile.lock. Run 'pod install' or update your CocoaPods installation.\" >&2\n    exit 1\nfi\n# This output is used by Xcode 'outputs' to avoid re-running this script phase.\necho \"SUCCESS\" > \"${SCRIPT_OUTPUT_FILE_0}\"\n";
			showEnvVarsInLog = 0;
		};
		BA9D17B7C932135FB6940181 /* [CP] Embed Pods Frameworks */ = {
			isa = PBXShellScriptBuildPhase;
			buildActionMask = 2147483647;
			files = (
			);
			inputFileListPaths = (
			);
			inputPaths = (
				"${PODS_ROOT}/Target Support Files/Pods-RecipleaseTests/Pods-RecipleaseTests-frameworks.sh",
				"${BUILT_PRODUCTS_DIR}/Alamofire/Alamofire.framework",
			);
			name = "[CP] Embed Pods Frameworks";
			outputFileListPaths = (
			);
			outputPaths = (
				"${TARGET_BUILD_DIR}/${FRAMEWORKS_FOLDER_PATH}/Alamofire.framework",
			);
			runOnlyForDeploymentPostprocessing = 0;
			shellPath = /bin/sh;
			shellScript = "\"${PODS_ROOT}/Target Support Files/Pods-RecipleaseTests/Pods-RecipleaseTests-frameworks.sh\"\n";
			showEnvVarsInLog = 0;
		};
		FBEF098ABAE3C07590F6FB72 /* [CP] Embed Pods Frameworks */ = {
			isa = PBXShellScriptBuildPhase;
			buildActionMask = 2147483647;
			files = (
			);
			inputFileListPaths = (
			);
			inputPaths = (
				"${PODS_ROOT}/Target Support Files/Pods-Reciplease/Pods-Reciplease-frameworks.sh",
				"${BUILT_PRODUCTS_DIR}/Alamofire/Alamofire.framework",
			);
			name = "[CP] Embed Pods Frameworks";
			outputFileListPaths = (
			);
			outputPaths = (
				"${TARGET_BUILD_DIR}/${FRAMEWORKS_FOLDER_PATH}/Alamofire.framework",
			);
			runOnlyForDeploymentPostprocessing = 0;
			shellPath = /bin/sh;
			shellScript = "\"${PODS_ROOT}/Target Support Files/Pods-Reciplease/Pods-Reciplease-frameworks.sh\"\n";
			showEnvVarsInLog = 0;
		};
/* End PBXShellScriptBuildPhase section */

/* Begin PBXSourcesBuildPhase section */
		4F45CE0A222EF2ED004246EE /* Sources */ = {
			isa = PBXSourcesBuildPhase;
			buildActionMask = 2147483647;
			files = (
				4F2F0C1D2261DBC50045C391 /* RecipeViewController.swift in Sources */,
				4F45CE4A22332965004246EE /* RecipeSearchViewController.swift in Sources */,
				4F45CE1A222EF2ED004246EE /* Reciplease.xcdatamodeld in Sources */,
				4F14E59A2236AEF000A60E11 /* IngredientTableViewCell.swift in Sources */,
				4F45CE42223066BA004246EE /* ServicesKey.swift in Sources */,
				4F2F0C1B2261D4280045C391 /* RecipeListService.swift in Sources */,
				4F7FA97C228AFA6B0081B0CD /* Error+extension.swift in Sources */,
				4F14E5A02237135A00A60E11 /* RecipeService.swift in Sources */,
				4F302A542281AA6600058D32 /* NetworkRequest.swift in Sources */,
				4F62A089226CCF4800398F02 /* Source.swift in Sources */,
				4F62A08F226DAFFD00398F02 /* Image.swift in Sources */,
				4F87EB782258D7CD00B6D516 /* RecipeListTableViewCell.swift in Sources */,
				4F14E59C223704F500A60E11 /* RecipeListTableViewController.swift in Sources */,
				4F14E5962236974D00A60E11 /* IngredientService.swift in Sources */,
				4F14E5A22237B40400A60E11 /* RecipeList.swift in Sources */,
				4F2F0C19225FE92A0045C391 /* CodingUserInfoKey+Extension.swift in Sources */,
				4F32C2072276E83300F6BA6B /* IngredientLine.swift in Sources */,
				4F196E742265AC2F007AF028 /* IngredientRecipeTableViewCell.swift in Sources */,
				4F45CE12222EF2ED004246EE /* AppDelegate.swift in Sources */,
				4F62A08B226D158F00398F02 /* Attribution.swift in Sources */,
				4F14E59E22370E8A00A60E11 /* Recipe.swift in Sources */,
				4F87EB7A225C87E300B6D516 /* RecipeImageService.swift in Sources */,
			);
			runOnlyForDeploymentPostprocessing = 0;
		};
		4F45CE21222EF2F0004246EE /* Sources */ = {
			isa = PBXSourcesBuildPhase;
			buildActionMask = 2147483647;
			files = (
				4F14E5982236983B00A60E11 /* IngredientServiceTestCase.swift in Sources */,
				4F302A522280BDD800058D32 /* RecipeListServiceTestCase.swift in Sources */,
				4F7FA96A228214130081B0CD /* FakeResponseData.swift in Sources */,
			);
			runOnlyForDeploymentPostprocessing = 0;
		};
/* End PBXSourcesBuildPhase section */

/* Begin PBXTargetDependency section */
		4F45CE27222EF2F0004246EE /* PBXTargetDependency */ = {
			isa = PBXTargetDependency;
			target = 4F45CE0D222EF2ED004246EE /* Reciplease */;
			targetProxy = 4F45CE26222EF2F0004246EE /* PBXContainerItemProxy */;
		};
/* End PBXTargetDependency section */

/* Begin PBXVariantGroup section */
		4F45CE15222EF2ED004246EE /* Main.storyboard */ = {
			isa = PBXVariantGroup;
			children = (
				4F45CE16222EF2ED004246EE /* Base */,
			);
			name = Main.storyboard;
			sourceTree = "<group>";
		};
		4F45CE1D222EF2F0004246EE /* LaunchScreen.storyboard */ = {
			isa = PBXVariantGroup;
			children = (
				4F45CE1E222EF2F0004246EE /* Base */,
			);
			name = LaunchScreen.storyboard;
			sourceTree = "<group>";
		};
/* End PBXVariantGroup section */

/* Begin XCBuildConfiguration section */
		4F45CE2C222EF2F0004246EE /* Debug */ = {
			isa = XCBuildConfiguration;
			buildSettings = {
				ALWAYS_SEARCH_USER_PATHS = NO;
				CLANG_ANALYZER_NONNULL = YES;
				CLANG_ANALYZER_NUMBER_OBJECT_CONVERSION = YES_AGGRESSIVE;
				CLANG_CXX_LANGUAGE_STANDARD = "gnu++14";
				CLANG_CXX_LIBRARY = "libc++";
				CLANG_ENABLE_MODULES = YES;
				CLANG_ENABLE_OBJC_ARC = YES;
				CLANG_ENABLE_OBJC_WEAK = YES;
				CLANG_WARN_BLOCK_CAPTURE_AUTORELEASING = YES;
				CLANG_WARN_BOOL_CONVERSION = YES;
				CLANG_WARN_COMMA = YES;
				CLANG_WARN_CONSTANT_CONVERSION = YES;
				CLANG_WARN_DEPRECATED_OBJC_IMPLEMENTATIONS = YES;
				CLANG_WARN_DIRECT_OBJC_ISA_USAGE = YES_ERROR;
				CLANG_WARN_DOCUMENTATION_COMMENTS = YES;
				CLANG_WARN_EMPTY_BODY = YES;
				CLANG_WARN_ENUM_CONVERSION = YES;
				CLANG_WARN_INFINITE_RECURSION = YES;
				CLANG_WARN_INT_CONVERSION = YES;
				CLANG_WARN_NON_LITERAL_NULL_CONVERSION = YES;
				CLANG_WARN_OBJC_IMPLICIT_RETAIN_SELF = YES;
				CLANG_WARN_OBJC_LITERAL_CONVERSION = YES;
				CLANG_WARN_OBJC_ROOT_CLASS = YES_ERROR;
				CLANG_WARN_RANGE_LOOP_ANALYSIS = YES;
				CLANG_WARN_STRICT_PROTOTYPES = YES;
				CLANG_WARN_SUSPICIOUS_MOVE = YES;
				CLANG_WARN_UNGUARDED_AVAILABILITY = YES_AGGRESSIVE;
				CLANG_WARN_UNREACHABLE_CODE = YES;
				CLANG_WARN__DUPLICATE_METHOD_MATCH = YES;
				CODE_SIGN_IDENTITY = "iPhone Developer";
				COPY_PHASE_STRIP = NO;
				DEBUG_INFORMATION_FORMAT = dwarf;
				ENABLE_STRICT_OBJC_MSGSEND = YES;
				ENABLE_TESTABILITY = YES;
				GCC_C_LANGUAGE_STANDARD = gnu11;
				GCC_DYNAMIC_NO_PIC = NO;
				GCC_NO_COMMON_BLOCKS = YES;
				GCC_OPTIMIZATION_LEVEL = 0;
				GCC_PREPROCESSOR_DEFINITIONS = (
					"DEBUG=1",
					"$(inherited)",
				);
				GCC_WARN_64_TO_32_BIT_CONVERSION = YES;
				GCC_WARN_ABOUT_RETURN_TYPE = YES_ERROR;
				GCC_WARN_UNDECLARED_SELECTOR = YES;
				GCC_WARN_UNINITIALIZED_AUTOS = YES_AGGRESSIVE;
				GCC_WARN_UNUSED_FUNCTION = YES;
				GCC_WARN_UNUSED_VARIABLE = YES;
				IPHONEOS_DEPLOYMENT_TARGET = 12.1;
				MTL_ENABLE_DEBUG_INFO = INCLUDE_SOURCE;
				MTL_FAST_MATH = YES;
				ONLY_ACTIVE_ARCH = YES;
				SDKROOT = iphoneos;
				SWIFT_ACTIVE_COMPILATION_CONDITIONS = DEBUG;
				SWIFT_OPTIMIZATION_LEVEL = "-Onone";
			};
			name = Debug;
		};
		4F45CE2D222EF2F0004246EE /* Release */ = {
			isa = XCBuildConfiguration;
			buildSettings = {
				ALWAYS_SEARCH_USER_PATHS = NO;
				CLANG_ANALYZER_NONNULL = YES;
				CLANG_ANALYZER_NUMBER_OBJECT_CONVERSION = YES_AGGRESSIVE;
				CLANG_CXX_LANGUAGE_STANDARD = "gnu++14";
				CLANG_CXX_LIBRARY = "libc++";
				CLANG_ENABLE_MODULES = YES;
				CLANG_ENABLE_OBJC_ARC = YES;
				CLANG_ENABLE_OBJC_WEAK = YES;
				CLANG_WARN_BLOCK_CAPTURE_AUTORELEASING = YES;
				CLANG_WARN_BOOL_CONVERSION = YES;
				CLANG_WARN_COMMA = YES;
				CLANG_WARN_CONSTANT_CONVERSION = YES;
				CLANG_WARN_DEPRECATED_OBJC_IMPLEMENTATIONS = YES;
				CLANG_WARN_DIRECT_OBJC_ISA_USAGE = YES_ERROR;
				CLANG_WARN_DOCUMENTATION_COMMENTS = YES;
				CLANG_WARN_EMPTY_BODY = YES;
				CLANG_WARN_ENUM_CONVERSION = YES;
				CLANG_WARN_INFINITE_RECURSION = YES;
				CLANG_WARN_INT_CONVERSION = YES;
				CLANG_WARN_NON_LITERAL_NULL_CONVERSION = YES;
				CLANG_WARN_OBJC_IMPLICIT_RETAIN_SELF = YES;
				CLANG_WARN_OBJC_LITERAL_CONVERSION = YES;
				CLANG_WARN_OBJC_ROOT_CLASS = YES_ERROR;
				CLANG_WARN_RANGE_LOOP_ANALYSIS = YES;
				CLANG_WARN_STRICT_PROTOTYPES = YES;
				CLANG_WARN_SUSPICIOUS_MOVE = YES;
				CLANG_WARN_UNGUARDED_AVAILABILITY = YES_AGGRESSIVE;
				CLANG_WARN_UNREACHABLE_CODE = YES;
				CLANG_WARN__DUPLICATE_METHOD_MATCH = YES;
				CODE_SIGN_IDENTITY = "iPhone Developer";
				COPY_PHASE_STRIP = NO;
				DEBUG_INFORMATION_FORMAT = "dwarf-with-dsym";
				ENABLE_NS_ASSERTIONS = NO;
				ENABLE_STRICT_OBJC_MSGSEND = YES;
				GCC_C_LANGUAGE_STANDARD = gnu11;
				GCC_NO_COMMON_BLOCKS = YES;
				GCC_WARN_64_TO_32_BIT_CONVERSION = YES;
				GCC_WARN_ABOUT_RETURN_TYPE = YES_ERROR;
				GCC_WARN_UNDECLARED_SELECTOR = YES;
				GCC_WARN_UNINITIALIZED_AUTOS = YES_AGGRESSIVE;
				GCC_WARN_UNUSED_FUNCTION = YES;
				GCC_WARN_UNUSED_VARIABLE = YES;
				IPHONEOS_DEPLOYMENT_TARGET = 12.1;
				MTL_ENABLE_DEBUG_INFO = NO;
				MTL_FAST_MATH = YES;
				SDKROOT = iphoneos;
				SWIFT_COMPILATION_MODE = wholemodule;
				SWIFT_OPTIMIZATION_LEVEL = "-O";
				VALIDATE_PRODUCT = YES;
			};
			name = Release;
		};
		4F45CE2F222EF2F0004246EE /* Debug */ = {
			isa = XCBuildConfiguration;
			baseConfigurationReference = 9AB8BAA416ECA54A3DFD5BEF /* Pods-Reciplease.debug.xcconfig */;
			buildSettings = {
				ASSETCATALOG_COMPILER_APPICON_NAME = AppIcon;
				CODE_SIGN_STYLE = Automatic;
				DEVELOPMENT_TEAM = A5M6QHPHN6;
				INFOPLIST_FILE = "$(SRCROOT)/Reciplease/SupportingFiles/Info.plist";
				LD_RUNPATH_SEARCH_PATHS = (
					"$(inherited)",
					"@executable_path/Frameworks",
				);
				PRODUCT_BUNDLE_IDENTIFIER = fr.daviddubez.Reciplease;
				PRODUCT_NAME = "$(TARGET_NAME)";
				SWIFT_VERSION = 5.0;
				TARGETED_DEVICE_FAMILY = 1;
			};
			name = Debug;
		};
		4F45CE30222EF2F0004246EE /* Release */ = {
			isa = XCBuildConfiguration;
			baseConfigurationReference = 01F939E41AC6CD69984DAD09 /* Pods-Reciplease.release.xcconfig */;
			buildSettings = {
				ASSETCATALOG_COMPILER_APPICON_NAME = AppIcon;
				CODE_SIGN_STYLE = Automatic;
				DEVELOPMENT_TEAM = A5M6QHPHN6;
				INFOPLIST_FILE = "$(SRCROOT)/Reciplease/SupportingFiles/Info.plist";
				LD_RUNPATH_SEARCH_PATHS = (
					"$(inherited)",
					"@executable_path/Frameworks",
				);
				PRODUCT_BUNDLE_IDENTIFIER = fr.daviddubez.Reciplease;
				PRODUCT_NAME = "$(TARGET_NAME)";
				SWIFT_VERSION = 5.0;
				TARGETED_DEVICE_FAMILY = 1;
			};
			name = Release;
		};
		4F45CE32222EF2F0004246EE /* Debug */ = {
			isa = XCBuildConfiguration;
			baseConfigurationReference = 0C4569E08946530DF2C13243 /* Pods-RecipleaseTests.debug.xcconfig */;
			buildSettings = {
				ALWAYS_EMBED_SWIFT_STANDARD_LIBRARIES = YES;
				BUNDLE_LOADER = "$(TEST_HOST)";
				CODE_SIGN_STYLE = Automatic;
				DEVELOPMENT_TEAM = A5M6QHPHN6;
				INFOPLIST_FILE = RecipleaseTests/Info.plist;
				LD_RUNPATH_SEARCH_PATHS = (
					"$(inherited)",
					"@executable_path/Frameworks",
					"@loader_path/Frameworks",
				);
				PRODUCT_BUNDLE_IDENTIFIER = fr.daviddubez.RecipleaseTests;
				PRODUCT_NAME = "$(TARGET_NAME)";
				SWIFT_VERSION = 5.0;
				TARGETED_DEVICE_FAMILY = "1,2";
				TEST_HOST = "$(BUILT_PRODUCTS_DIR)/Reciplease.app/Reciplease";
			};
			name = Debug;
		};
		4F45CE33222EF2F0004246EE /* Release */ = {
			isa = XCBuildConfiguration;
			baseConfigurationReference = FF0FC46D80B862C027E1E32D /* Pods-RecipleaseTests.release.xcconfig */;
			buildSettings = {
				ALWAYS_EMBED_SWIFT_STANDARD_LIBRARIES = YES;
				BUNDLE_LOADER = "$(TEST_HOST)";
				CODE_SIGN_STYLE = Automatic;
				DEVELOPMENT_TEAM = A5M6QHPHN6;
				INFOPLIST_FILE = RecipleaseTests/Info.plist;
				LD_RUNPATH_SEARCH_PATHS = (
					"$(inherited)",
					"@executable_path/Frameworks",
					"@loader_path/Frameworks",
				);
				PRODUCT_BUNDLE_IDENTIFIER = fr.daviddubez.RecipleaseTests;
				PRODUCT_NAME = "$(TARGET_NAME)";
				SWIFT_VERSION = 5.0;
				TARGETED_DEVICE_FAMILY = "1,2";
				TEST_HOST = "$(BUILT_PRODUCTS_DIR)/Reciplease.app/Reciplease";
			};
			name = Release;
		};
/* End XCBuildConfiguration section */

/* Begin XCConfigurationList section */
		4F45CE09222EF2ED004246EE /* Build configuration list for PBXProject "Reciplease" */ = {
			isa = XCConfigurationList;
			buildConfigurations = (
				4F45CE2C222EF2F0004246EE /* Debug */,
				4F45CE2D222EF2F0004246EE /* Release */,
			);
			defaultConfigurationIsVisible = 0;
			defaultConfigurationName = Release;
		};
		4F45CE2E222EF2F0004246EE /* Build configuration list for PBXNativeTarget "Reciplease" */ = {
			isa = XCConfigurationList;
			buildConfigurations = (
				4F45CE2F222EF2F0004246EE /* Debug */,
				4F45CE30222EF2F0004246EE /* Release */,
			);
			defaultConfigurationIsVisible = 0;
			defaultConfigurationName = Release;
		};
		4F45CE31222EF2F0004246EE /* Build configuration list for PBXNativeTarget "RecipleaseTests" */ = {
			isa = XCConfigurationList;
			buildConfigurations = (
				4F45CE32222EF2F0004246EE /* Debug */,
				4F45CE33222EF2F0004246EE /* Release */,
			);
			defaultConfigurationIsVisible = 0;
			defaultConfigurationName = Release;
		};
/* End XCConfigurationList section */

/* Begin XCVersionGroup section */
		4F45CE18222EF2ED004246EE /* Reciplease.xcdatamodeld */ = {
			isa = XCVersionGroup;
			children = (
				4F45CE19222EF2ED004246EE /* Reciplease.xcdatamodel */,
			);
			currentVersion = 4F45CE19222EF2ED004246EE /* Reciplease.xcdatamodel */;
			path = Reciplease.xcdatamodeld;
			sourceTree = "<group>";
			versionGroupType = wrapper.xcdatamodel;
		};
/* End XCVersionGroup section */
	};
	rootObject = 4F45CE06222EF2ED004246EE /* Project object */;
}
